// !$*UTF8*$!
{
	archiveVersion = 1;
	classes = {
	};
	objectVersion = 46;
	objects = {

/* Begin PBXBuildFile section */
		790068401E014A4700DBC6F3 /* FinnControllerSpeech.swift in Sources */ = {isa = PBXBuildFile; fileRef = 7900683F1E014A4700DBC6F3 /* FinnControllerSpeech.swift */; };
		790068481E02AF1C00DBC6F3 /* pop-drip.wav in Resources */ = {isa = PBXBuildFile; fileRef = 790068471E02AF1C00DBC6F3 /* pop-drip.wav */; };
		793FC7101DFE5F4B0033747C /* extensions.swift in Sources */ = {isa = PBXBuildFile; fileRef = 793FC70F1DFE5F4B0033747C /* extensions.swift */; };
		797EEF9B1DFA774B005D2743 /* AppDelegate.swift in Sources */ = {isa = PBXBuildFile; fileRef = 797EEF9A1DFA774B005D2743 /* AppDelegate.swift */; };
		797EEF9D1DFA774B005D2743 /* ViewController.swift in Sources */ = {isa = PBXBuildFile; fileRef = 797EEF9C1DFA774B005D2743 /* ViewController.swift */; };
		797EEFA01DFA774B005D2743 /* Main.storyboard in Resources */ = {isa = PBXBuildFile; fileRef = 797EEF9E1DFA774B005D2743 /* Main.storyboard */; };
		797EEFA31DFA774B005D2743 /* Monalog_Test.xcdatamodeld in Sources */ = {isa = PBXBuildFile; fileRef = 797EEFA11DFA774B005D2743 /* Monalog_Test.xcdatamodeld */; };
		797EEFA51DFA774B005D2743 /* Assets.xcassets in Resources */ = {isa = PBXBuildFile; fileRef = 797EEFA41DFA774B005D2743 /* Assets.xcassets */; };
		797EEFA81DFA774B005D2743 /* LaunchScreen.storyboard in Resources */ = {isa = PBXBuildFile; fileRef = 797EEFA61DFA774B005D2743 /* LaunchScreen.storyboard */; };
		797EEFB01DFA7902005D2743 /* CustomTabBarController.swift in Sources */ = {isa = PBXBuildFile; fileRef = 797EEFAF1DFA7902005D2743 /* CustomTabBarController.swift */; };
		797EEFB21DFB0204005D2743 /* FinnController.swift in Sources */ = {isa = PBXBuildFile; fileRef = 797EEFB11DFB0204005D2743 /* FinnController.swift */; };
		797EEFB41DFBE2C3005D2743 /* FeedControllerHelper.swift in Sources */ = {isa = PBXBuildFile; fileRef = 797EEFB31DFBE2C2005D2743 /* FeedControllerHelper.swift */; };
		797EEFBA1DFBE559005D2743 /* Post+CoreDataProperties.swift in Sources */ = {isa = PBXBuildFile; fileRef = 797EEFB61DFBE559005D2743 /* Post+CoreDataProperties.swift */; };
		797EEFBF1DFD1EDB005D2743 /* Message+CoreDataClass.swift in Sources */ = {isa = PBXBuildFile; fileRef = 797EEFBD1DFD1EDA005D2743 /* Message+CoreDataClass.swift */; };
		797EEFC01DFD1EDB005D2743 /* Message+CoreDataProperties.swift in Sources */ = {isa = PBXBuildFile; fileRef = 797EEFBE1DFD1EDA005D2743 /* Message+CoreDataProperties.swift */; };
		797EEFC41DFD1FAD005D2743 /* Post+CoreDataClass.swift in Sources */ = {isa = PBXBuildFile; fileRef = 797EEFC21DFD1FAD005D2743 /* Post+CoreDataClass.swift */; };
		797EEFC61DFD22FE005D2743 /* FinnControllerHelper.swift in Sources */ = {isa = PBXBuildFile; fileRef = 797EEFC51DFD22FE005D2743 /* FinnControllerHelper.swift */; };
		933CCBE4BF5B7C6048CE7092 /* libPods-Monalog-Test.a in Frameworks */ = {isa = PBXBuildFile; fileRef = F8EB33D9C5E9056E3779FCEE /* libPods-Monalog-Test.a */; };
/* End PBXBuildFile section */

/* Begin PBXFileReference section */
		6D983394FF3E799DCBC65833 /* Pods-Monalog-Test.debug.xcconfig */ = {isa = PBXFileReference; includeInIndex = 1; lastKnownFileType = text.xcconfig; name = "Pods-Monalog-Test.debug.xcconfig"; path = "Pods/Target Support Files/Pods-Monalog-Test/Pods-Monalog-Test.debug.xcconfig"; sourceTree = "<group>"; };
		7900683F1E014A4700DBC6F3 /* FinnControllerSpeech.swift */ = {isa = PBXFileReference; fileEncoding = 4; lastKnownFileType = sourcecode.swift; path = FinnControllerSpeech.swift; sourceTree = "<group>"; };
		790068471E02AF1C00DBC6F3 /* pop-drip.wav */ = {isa = PBXFileReference; lastKnownFileType = audio.wav; path = "pop-drip.wav"; sourceTree = "<group>"; };
		793FC70F1DFE5F4B0033747C /* extensions.swift */ = {isa = PBXFileReference; fileEncoding = 4; lastKnownFileType = sourcecode.swift; path = extensions.swift; sourceTree = "<group>"; };
		795564511E0B87D500E1B23F /* Monalog-Test-Bridging-Header.h */ = {isa = PBXFileReference; lastKnownFileType = sourcecode.c.h; path = "Monalog-Test-Bridging-Header.h"; sourceTree = "<group>"; };
		797EEF971DFA774B005D2743 /* Monalog-Test.app */ = {isa = PBXFileReference; explicitFileType = wrapper.application; includeInIndex = 0; path = "Monalog-Test.app"; sourceTree = BUILT_PRODUCTS_DIR; };
		797EEF9A1DFA774B005D2743 /* AppDelegate.swift */ = {isa = PBXFileReference; lastKnownFileType = sourcecode.swift; path = AppDelegate.swift; sourceTree = "<group>"; };
		797EEF9C1DFA774B005D2743 /* ViewController.swift */ = {isa = PBXFileReference; lastKnownFileType = sourcecode.swift; path = ViewController.swift; sourceTree = "<group>"; };
		797EEF9F1DFA774B005D2743 /* Base */ = {isa = PBXFileReference; lastKnownFileType = file.storyboard; name = Base; path = Base.lproj/Main.storyboard; sourceTree = "<group>"; };
		797EEFA21DFA774B005D2743 /* Monalog_Test.xcdatamodel */ = {isa = PBXFileReference; lastKnownFileType = wrapper.xcdatamodel; path = Monalog_Test.xcdatamodel; sourceTree = "<group>"; };
		797EEFA41DFA774B005D2743 /* Assets.xcassets */ = {isa = PBXFileReference; lastKnownFileType = folder.assetcatalog; path = Assets.xcassets; sourceTree = "<group>"; };
		797EEFA71DFA774B005D2743 /* Base */ = {isa = PBXFileReference; lastKnownFileType = file.storyboard; name = Base; path = Base.lproj/LaunchScreen.storyboard; sourceTree = "<group>"; };
		797EEFA91DFA774B005D2743 /* Info.plist */ = {isa = PBXFileReference; lastKnownFileType = text.plist.xml; path = Info.plist; sourceTree = "<group>"; };
		797EEFAF1DFA7902005D2743 /* CustomTabBarController.swift */ = {isa = PBXFileReference; fileEncoding = 4; lastKnownFileType = sourcecode.swift; path = CustomTabBarController.swift; sourceTree = "<group>"; };
		797EEFB11DFB0204005D2743 /* FinnController.swift */ = {isa = PBXFileReference; fileEncoding = 4; lastKnownFileType = sourcecode.swift; path = FinnController.swift; sourceTree = "<group>"; };
		797EEFB31DFBE2C2005D2743 /* FeedControllerHelper.swift */ = {isa = PBXFileReference; fileEncoding = 4; lastKnownFileType = sourcecode.swift; path = FeedControllerHelper.swift; sourceTree = "<group>"; };
		797EEFB61DFBE559005D2743 /* Post+CoreDataProperties.swift */ = {isa = PBXFileReference; fileEncoding = 4; lastKnownFileType = sourcecode.swift; path = "Post+CoreDataProperties.swift"; sourceTree = "<group>"; };
		797EEFBD1DFD1EDA005D2743 /* Message+CoreDataClass.swift */ = {isa = PBXFileReference; fileEncoding = 4; lastKnownFileType = sourcecode.swift; path = "Message+CoreDataClass.swift"; sourceTree = "<group>"; };
		797EEFBE1DFD1EDA005D2743 /* Message+CoreDataProperties.swift */ = {isa = PBXFileReference; fileEncoding = 4; lastKnownFileType = sourcecode.swift; path = "Message+CoreDataProperties.swift"; sourceTree = "<group>"; };
		797EEFC21DFD1FAD005D2743 /* Post+CoreDataClass.swift */ = {isa = PBXFileReference; fileEncoding = 4; lastKnownFileType = sourcecode.swift; path = "Post+CoreDataClass.swift"; sourceTree = "<group>"; };
		797EEFC51DFD22FE005D2743 /* FinnControllerHelper.swift */ = {isa = PBXFileReference; fileEncoding = 4; lastKnownFileType = sourcecode.swift; path = FinnControllerHelper.swift; sourceTree = "<group>"; };
		C5564B832DF7B4610C7D219B /* Pods-Monalog-Test.release.xcconfig */ = {isa = PBXFileReference; includeInIndex = 1; lastKnownFileType = text.xcconfig; name = "Pods-Monalog-Test.release.xcconfig"; path = "Pods/Target Support Files/Pods-Monalog-Test/Pods-Monalog-Test.release.xcconfig"; sourceTree = "<group>"; };
		F8EB33D9C5E9056E3779FCEE /* libPods-Monalog-Test.a */ = {isa = PBXFileReference; explicitFileType = archive.ar; includeInIndex = 0; path = "libPods-Monalog-Test.a"; sourceTree = BUILT_PRODUCTS_DIR; };
/* End PBXFileReference section */

/* Begin PBXFrameworksBuildPhase section */
		797EEF941DFA774B005D2743 /* Frameworks */ = {
			isa = PBXFrameworksBuildPhase;
			buildActionMask = 2147483647;
			files = (
				933CCBE4BF5B7C6048CE7092 /* libPods-Monalog-Test.a in Frameworks */,
			);
			runOnlyForDeploymentPostprocessing = 0;
		};
/* End PBXFrameworksBuildPhase section */

/* Begin PBXGroup section */
		33350599F257C37BAC946A4E /* Frameworks */ = {
			isa = PBXGroup;
			children = (
				F8EB33D9C5E9056E3779FCEE /* libPods-Monalog-Test.a */,
			);
			name = Frameworks;
			sourceTree = "<group>";
		};
		790068441E02491A00DBC6F3 /* Supporting files */ = {
			isa = PBXGroup;
			children = (
				790068471E02AF1C00DBC6F3 /* pop-drip.wav */,
			);
			name = "Supporting files";
			path = ..;
			sourceTree = "<group>";
		};
		797EEF8E1DFA774B005D2743 = {
			isa = PBXGroup;
			children = (
				797EEFBD1DFD1EDA005D2743 /* Message+CoreDataClass.swift */,
				797EEFBE1DFD1EDA005D2743 /* Message+CoreDataProperties.swift */,
				797EEFC21DFD1FAD005D2743 /* Post+CoreDataClass.swift */,
				797EEFB61DFBE559005D2743 /* Post+CoreDataProperties.swift */,
				797EEF991DFA774B005D2743 /* Monalog-Test */,
				797EEF981DFA774B005D2743 /* Products */,
				ECA3BB2D330BFAD088FB8F7E /* Pods */,
				33350599F257C37BAC946A4E /* Frameworks */,
			);
			sourceTree = "<group>";
		};
		797EEF981DFA774B005D2743 /* Products */ = {
			isa = PBXGroup;
			children = (
				797EEF971DFA774B005D2743 /* Monalog-Test.app */,
			);
			name = Products;
			sourceTree = "<group>";
		};
		797EEF991DFA774B005D2743 /* Monalog-Test */ = {
			isa = PBXGroup;
			children = (
				790068441E02491A00DBC6F3 /* Supporting files */,
				797EEF9A1DFA774B005D2743 /* AppDelegate.swift */,
				797EEF9C1DFA774B005D2743 /* ViewController.swift */,
				797EEFB31DFBE2C2005D2743 /* FeedControllerHelper.swift */,
				797EEF9E1DFA774B005D2743 /* Main.storyboard */,
				797EEFA41DFA774B005D2743 /* Assets.xcassets */,
				797EEFA61DFA774B005D2743 /* LaunchScreen.storyboard */,
				797EEFA91DFA774B005D2743 /* Info.plist */,
				797EEFA11DFA774B005D2743 /* Monalog_Test.xcdatamodeld */,
				797EEFAF1DFA7902005D2743 /* CustomTabBarController.swift */,
				797EEFB11DFB0204005D2743 /* FinnController.swift */,
				797EEFC51DFD22FE005D2743 /* FinnControllerHelper.swift */,
				793FC70F1DFE5F4B0033747C /* extensions.swift */,
				7900683F1E014A4700DBC6F3 /* FinnControllerSpeech.swift */,
				795564511E0B87D500E1B23F /* Monalog-Test-Bridging-Header.h */,
			);
			path = "Monalog-Test";
			sourceTree = "<group>";
		};
		ECA3BB2D330BFAD088FB8F7E /* Pods */ = {
			isa = PBXGroup;
			children = (
				6D983394FF3E799DCBC65833 /* Pods-Monalog-Test.debug.xcconfig */,
				C5564B832DF7B4610C7D219B /* Pods-Monalog-Test.release.xcconfig */,
			);
			name = Pods;
			sourceTree = "<group>";
		};
/* End PBXGroup section */

/* Begin PBXNativeTarget section */
		797EEF961DFA774B005D2743 /* Monalog-Test */ = {
			isa = PBXNativeTarget;
			buildConfigurationList = 797EEFAC1DFA774B005D2743 /* Build configuration list for PBXNativeTarget "Monalog-Test" */;
			buildPhases = (
				26D887922B866C5991E696D8 /* [CP] Check Pods Manifest.lock */,
				797EEF931DFA774B005D2743 /* Sources */,
				797EEF941DFA774B005D2743 /* Frameworks */,
				797EEF951DFA774B005D2743 /* Resources */,
				97CFF353DFCA5F02D93FA0E9 /* [CP] Embed Pods Frameworks */,
				BA039A2597D2544B3A1236A0 /* [CP] Copy Pods Resources */,
			);
			buildRules = (
			);
			dependencies = (
			);
			name = "Monalog-Test";
			productName = "Monalog-Test";
			productReference = 797EEF971DFA774B005D2743 /* Monalog-Test.app */;
			productType = "com.apple.product-type.application";
		};
/* End PBXNativeTarget section */

/* Begin PBXProject section */
		797EEF8F1DFA774B005D2743 /* Project object */ = {
			isa = PBXProject;
			attributes = {
				LastSwiftUpdateCheck = 0800;
				LastUpgradeCheck = 0800;
				ORGANIZATIONNAME = "Benjamin Lim";
				TargetAttributes = {
					797EEF961DFA774B005D2743 = {
						CreatedOnToolsVersion = 8.0;
						DevelopmentTeam = M3P85P7J6X;
						LastSwiftMigration = 0800;
						ProvisioningStyle = Automatic;
					};
				};
			};
			buildConfigurationList = 797EEF921DFA774B005D2743 /* Build configuration list for PBXProject "Monalog-Test" */;
			compatibilityVersion = "Xcode 3.2";
			developmentRegion = English;
			hasScannedForEncodings = 0;
			knownRegions = (
				en,
				Base,
			);
			mainGroup = 797EEF8E1DFA774B005D2743;
			productRefGroup = 797EEF981DFA774B005D2743 /* Products */;
			projectDirPath = "";
			projectRoot = "";
			targets = (
				797EEF961DFA774B005D2743 /* Monalog-Test */,
			);
		};
/* End PBXProject section */

/* Begin PBXResourcesBuildPhase section */
		797EEF951DFA774B005D2743 /* Resources */ = {
			isa = PBXResourcesBuildPhase;
			buildActionMask = 2147483647;
			files = (
				797EEFA81DFA774B005D2743 /* LaunchScreen.storyboard in Resources */,
				797EEFA51DFA774B005D2743 /* Assets.xcassets in Resources */,
				797EEFA01DFA774B005D2743 /* Main.storyboard in Resources */,
				790068481E02AF1C00DBC6F3 /* pop-drip.wav in Resources */,
			);
			runOnlyForDeploymentPostprocessing = 0;
		};
/* End PBXResourcesBuildPhase section */

/* Begin PBXShellScriptBuildPhase section */
		26D887922B866C5991E696D8 /* [CP] Check Pods Manifest.lock */ = {
			isa = PBXShellScriptBuildPhase;
			buildActionMask = 2147483647;
			files = (
			);
			inputPaths = (
			);
			name = "[CP] Check Pods Manifest.lock";
			outputPaths = (
			);
			runOnlyForDeploymentPostprocessing = 0;
			shellPath = /bin/sh;
			shellScript = "diff \"${PODS_ROOT}/../Podfile.lock\" \"${PODS_ROOT}/Manifest.lock\" > /dev/null\nif [ $? != 0 ] ; then\n    # print error to STDERR\n    echo \"error: The sandbox is not in sync with the Podfile.lock. Run 'pod install' or update your CocoaPods installation.\" >&2\n    exit 1\nfi\n";
			showEnvVarsInLog = 0;
		};
		97CFF353DFCA5F02D93FA0E9 /* [CP] Embed Pods Frameworks */ = {
			isa = PBXShellScriptBuildPhase;
			buildActionMask = 2147483647;
			files = (
			);
			inputPaths = (
			);
			name = "[CP] Embed Pods Frameworks";
			outputPaths = (
			);
			runOnlyForDeploymentPostprocessing = 0;
			shellPath = /bin/sh;
			shellScript = "\"${SRCROOT}/Pods/Target Support Files/Pods-Monalog-Test/Pods-Monalog-Test-frameworks.sh\"\n";
			showEnvVarsInLog = 0;
		};
		BA039A2597D2544B3A1236A0 /* [CP] Copy Pods Resources */ = {
			isa = PBXShellScriptBuildPhase;
			buildActionMask = 2147483647;
			files = (
			);
			inputPaths = (
			);
			name = "[CP] Copy Pods Resources";
			outputPaths = (
			);
			runOnlyForDeploymentPostprocessing = 0;
			shellPath = /bin/sh;
			shellScript = "\"${SRCROOT}/Pods/Target Support Files/Pods-Monalog-Test/Pods-Monalog-Test-resources.sh\"\n";
			showEnvVarsInLog = 0;
		};
/* End PBXShellScriptBuildPhase section */

/* Begin PBXSourcesBuildPhase section */
		797EEF931DFA774B005D2743 /* Sources */ = {
			isa = PBXSourcesBuildPhase;
			buildActionMask = 2147483647;
			files = (
				790068401E014A4700DBC6F3 /* FinnControllerSpeech.swift in Sources */,
				797EEFB21DFB0204005D2743 /* FinnController.swift in Sources */,
				797EEFC41DFD1FAD005D2743 /* Post+CoreDataClass.swift in Sources */,
				797EEFBA1DFBE559005D2743 /* Post+CoreDataProperties.swift in Sources */,
				797EEFC01DFD1EDB005D2743 /* Message+CoreDataProperties.swift in Sources */,
				797EEF9D1DFA774B005D2743 /* ViewController.swift in Sources */,
				797EEFA31DFA774B005D2743 /* Monalog_Test.xcdatamodeld in Sources */,
				797EEFB41DFBE2C3005D2743 /* FeedControllerHelper.swift in Sources */,
				797EEFB01DFA7902005D2743 /* CustomTabBarController.swift in Sources */,
				797EEFC61DFD22FE005D2743 /* FinnControllerHelper.swift in Sources */,
				797EEFBF1DFD1EDB005D2743 /* Message+CoreDataClass.swift in Sources */,
				797EEF9B1DFA774B005D2743 /* AppDelegate.swift in Sources */,
				793FC7101DFE5F4B0033747C /* extensions.swift in Sources */,
			);
			runOnlyForDeploymentPostprocessing = 0;
		};
/* End PBXSourcesBuildPhase section */

/* Begin PBXVariantGroup section */
		797EEF9E1DFA774B005D2743 /* Main.storyboard */ = {
			isa = PBXVariantGroup;
			children = (
				797EEF9F1DFA774B005D2743 /* Base */,
			);
			name = Main.storyboard;
			sourceTree = "<group>";
		};
		797EEFA61DFA774B005D2743 /* LaunchScreen.storyboard */ = {
			isa = PBXVariantGroup;
			children = (
				797EEFA71DFA774B005D2743 /* Base */,
			);
			name = LaunchScreen.storyboard;
			sourceTree = "<group>";
		};
/* End PBXVariantGroup section */

/* Begin XCBuildConfiguration section */
		797EEFAA1DFA774B005D2743 /* Debug */ = {
			isa = XCBuildConfiguration;
			buildSettings = {
				ALWAYS_SEARCH_USER_PATHS = NO;
				CLANG_ANALYZER_NONNULL = YES;
				CLANG_CXX_LANGUAGE_STANDARD = "gnu++0x";
				CLANG_CXX_LIBRARY = "libc++";
				CLANG_ENABLE_MODULES = YES;
				CLANG_ENABLE_OBJC_ARC = YES;
				CLANG_WARN_BOOL_CONVERSION = YES;
				CLANG_WARN_CONSTANT_CONVERSION = YES;
				CLANG_WARN_DIRECT_OBJC_ISA_USAGE = YES_ERROR;
				CLANG_WARN_DOCUMENTATION_COMMENTS = YES;
				CLANG_WARN_EMPTY_BODY = YES;
				CLANG_WARN_ENUM_CONVERSION = YES;
				CLANG_WARN_INFINITE_RECURSION = YES;
				CLANG_WARN_INT_CONVERSION = YES;
				CLANG_WARN_OBJC_ROOT_CLASS = YES_ERROR;
				CLANG_WARN_SUSPICIOUS_MOVES = YES;
				CLANG_WARN_UNREACHABLE_CODE = YES;
				CLANG_WARN__DUPLICATE_METHOD_MATCH = YES;
				"CODE_SIGN_IDENTITY[sdk=iphoneos*]" = "iPhone Developer";
				COPY_PHASE_STRIP = NO;
				DEBUG_INFORMATION_FORMAT = dwarf;
				ENABLE_STRICT_OBJC_MSGSEND = YES;
				ENABLE_TESTABILITY = YES;
				GCC_C_LANGUAGE_STANDARD = gnu99;
				GCC_DYNAMIC_NO_PIC = NO;
				GCC_NO_COMMON_BLOCKS = YES;
				GCC_OPTIMIZATION_LEVEL = 0;
				GCC_PREPROCESSOR_DEFINITIONS = (
					"DEBUG=1",
					"$(inherited)",
				);
				GCC_WARN_64_TO_32_BIT_CONVERSION = YES;
				GCC_WARN_ABOUT_RETURN_TYPE = YES_ERROR;
				GCC_WARN_UNDECLARED_SELECTOR = YES;
				GCC_WARN_UNINITIALIZED_AUTOS = YES_AGGRESSIVE;
				GCC_WARN_UNUSED_FUNCTION = YES;
				GCC_WARN_UNUSED_VARIABLE = YES;
				IPHONEOS_DEPLOYMENT_TARGET = 10.0;
				MTL_ENABLE_DEBUG_INFO = YES;
				ONLY_ACTIVE_ARCH = YES;
				SDKROOT = iphoneos;
				SWIFT_ACTIVE_COMPILATION_CONDITIONS = DEBUG;
				SWIFT_OPTIMIZATION_LEVEL = "-Onone";
			};
			name = Debug;
		};
		797EEFAB1DFA774B005D2743 /* Release */ = {
			isa = XCBuildConfiguration;
			buildSettings = {
				ALWAYS_SEARCH_USER_PATHS = NO;
				CLANG_ANALYZER_NONNULL = YES;
				CLANG_CXX_LANGUAGE_STANDARD = "gnu++0x";
				CLANG_CXX_LIBRARY = "libc++";
				CLANG_ENABLE_MODULES = YES;
				CLANG_ENABLE_OBJC_ARC = YES;
				CLANG_WARN_BOOL_CONVERSION = YES;
				CLANG_WARN_CONSTANT_CONVERSION = YES;
				CLANG_WARN_DIRECT_OBJC_ISA_USAGE = YES_ERROR;
				CLANG_WARN_DOCUMENTATION_COMMENTS = YES;
				CLANG_WARN_EMPTY_BODY = YES;
				CLANG_WARN_ENUM_CONVERSION = YES;
				CLANG_WARN_INFINITE_RECURSION = YES;
				CLANG_WARN_INT_CONVERSION = YES;
				CLANG_WARN_OBJC_ROOT_CLASS = YES_ERROR;
				CLANG_WARN_SUSPICIOUS_MOVES = YES;
				CLANG_WARN_UNREACHABLE_CODE = YES;
				CLANG_WARN__DUPLICATE_METHOD_MATCH = YES;
				"CODE_SIGN_IDENTITY[sdk=iphoneos*]" = "iPhone Developer";
				COPY_PHASE_STRIP = NO;
				DEBUG_INFORMATION_FORMAT = "dwarf-with-dsym";
				ENABLE_NS_ASSERTIONS = NO;
				ENABLE_STRICT_OBJC_MSGSEND = YES;
				GCC_C_LANGUAGE_STANDARD = gnu99;
				GCC_NO_COMMON_BLOCKS = YES;
				GCC_WARN_64_TO_32_BIT_CONVERSION = YES;
				GCC_WARN_ABOUT_RETURN_TYPE = YES_ERROR;
				GCC_WARN_UNDECLARED_SELECTOR = YES;
				GCC_WARN_UNINITIALIZED_AUTOS = YES_AGGRESSIVE;
				GCC_WARN_UNUSED_FUNCTION = YES;
				GCC_WARN_UNUSED_VARIABLE = YES;
				IPHONEOS_DEPLOYMENT_TARGET = 10.0;
				MTL_ENABLE_DEBUG_INFO = NO;
				SDKROOT = iphoneos;
				SWIFT_OPTIMIZATION_LEVEL = "-Owholemodule";
				VALIDATE_PRODUCT = YES;
			};
			name = Release;
		};
		797EEFAD1DFA774B005D2743 /* Debug */ = {
			isa = XCBuildConfiguration;
			baseConfigurationReference = 6D983394FF3E799DCBC65833 /* Pods-Monalog-Test.debug.xcconfig */;
			buildSettings = {
				ASSETCATALOG_COMPILER_APPICON_NAME = AppIcon;
				CLANG_ENABLE_MODULES = YES;
				DEVELOPMENT_TEAM = M3P85P7J6X;
				INFOPLIST_FILE = "Monalog-Test/Info.plist";
				LD_RUNPATH_SEARCH_PATHS = "$(inherited) @executable_path/Frameworks";
				PRODUCT_BUNDLE_IDENTIFIER = "BenCode.Monalog-Test";
				PRODUCT_NAME = "$(TARGET_NAME)";
				SWIFT_OBJC_BRIDGING_HEADER = "Monalog-Test/Monalog-Test-Bridging-Header.h";
				SWIFT_OPTIMIZATION_LEVEL = "-Onone";
				SWIFT_VERSION = 3.0;
			};
			name = Debug;
		};
		797EEFAE1DFA774B005D2743 /* Release */ = {
			isa = XCBuildConfiguration;
			baseConfigurationReference = C5564B832DF7B4610C7D219B /* Pods-Monalog-Test.release.xcconfig */;
			buildSettings = {
				ASSETCATALOG_COMPILER_APPICON_NAME = AppIcon;
				CLANG_ENABLE_MODULES = YES;
				DEVELOPMENT_TEAM = M3P85P7J6X;
				INFOPLIST_FILE = "Monalog-Test/Info.plist";
				LD_RUNPATH_SEARCH_PATHS = "$(inherited) @executable_path/Frameworks";
				PRODUCT_BUNDLE_IDENTIFIER = "BenCode.Monalog-Test";
				PRODUCT_NAME = "$(TARGET_NAME)";
				SWIFT_OBJC_BRIDGING_HEADER = "Monalog-Test/Monalog-Test-Bridging-Header.h";
				SWIFT_VERSION = 3.0;
			};
			name = Release;
		};
/* End XCBuildConfiguration section */

/* Begin XCConfigurationList section */
		797EEF921DFA774B005D2743 /* Build configuration list for PBXProject "Monalog-Test" */ = {
			isa = XCConfigurationList;
			buildConfigurations = (
				797EEFAA1DFA774B005D2743 /* Debug */,
				797EEFAB1DFA774B005D2743 /* Release */,
			);
			defaultConfigurationIsVisible = 0;
			defaultConfigurationName = Release;
		};
		797EEFAC1DFA774B005D2743 /* Build configuration list for PBXNativeTarget "Monalog-Test" */ = {
			isa = XCConfigurationList;
			buildConfigurations = (
				797EEFAD1DFA774B005D2743 /* Debug */,
				797EEFAE1DFA774B005D2743 /* Release */,
			);
			defaultConfigurationIsVisible = 0;
			defaultConfigurationName = Release;
		};
/* End XCConfigurationList section */

/* Begin XCVersionGroup section */
		797EEFA11DFA774B005D2743 /* Monalog_Test.xcdatamodeld */ = {
			isa = XCVersionGroup;
			children = (
				797EEFA21DFA774B005D2743 /* Monalog_Test.xcdatamodel */,
			);
			currentVersion = 797EEFA21DFA774B005D2743 /* Monalog_Test.xcdatamodel */;
			path = Monalog_Test.xcdatamodeld;
			sourceTree = "<group>";
			versionGroupType = wrapper.xcdatamodel;
		};
/* End XCVersionGroup section */
	};
	rootObject = 797EEF8F1DFA774B005D2743 /* Project object */;
}
